
Microsoft Visual Studio Solution File, Format Version 12.00
# Visual Studio 15
VisualStudioVersion = 15.0.28307.106
MinimumVisualStudioVersion = 10.0.40219.1
Project("{FAE04EC0-301F-11D3-BF4B-00C04F79EFBC}") = "MyStocksAnalysis.Android", "MyStocksAnalysis\MyStocksAnalysis.Android\MyStocksAnalysis.Android.csproj", "{6697F25A-6C00-42EE-AD6A-EA8D27A29603}"
EndProject
Project("{FAE04EC0-301F-11D3-BF4B-00C04F79EFBC}") = "MyStocksAnalysis.iOS", "MyStocksAnalysis\MyStocksAnalysis.iOS\MyStocksAnalysis.iOS.csproj", "{02BFA1A8-77B9-4DC8-943B-0F2056A9DD62}"
EndProject
Project("{FAE04EC0-301F-11D3-BF4B-00C04F79EFBC}") = "MyStocksAnalysis", "MyStocksAnalysis\MyStocksAnalysis\MyStocksAnalysis.csproj", "{5999C257-A7AE-4367-AD55-01506D36CBC6}"
EndProject
Global
	GlobalSection(SolutionConfigurationPlatforms) = preSolution
		Ad-Hoc|Any CPU = Ad-Hoc|Any CPU
		Ad-Hoc|iPhone = Ad-Hoc|iPhone
		Ad-Hoc|iPhoneSimulator = Ad-Hoc|iPhoneSimulator
		AppStore|Any CPU = AppStore|Any CPU
		AppStore|iPhone = AppStore|iPhone
		AppStore|iPhoneSimulator = AppStore|iPhoneSimulator
		Debug|Any CPU = Debug|Any CPU
		Debug|iPhone = Debug|iPhone
		Debug|iPhoneSimulator = Debug|iPhoneSimulator
		Release|Any CPU = Release|Any CPU
		Release|iPhone = Release|iPhone
		Release|iPhoneSimulator = Release|iPhoneSimulator
	EndGlobalSection
	GlobalSection(ProjectConfigurationPlatforms) = postSolution
		{6697F25A-6C00-42EE-AD6A-EA8D27A29603}.Ad-Hoc|Any CPU.ActiveCfg = Release|Any CPU
		{6697F25A-6C00-42EE-AD6A-EA8D27A29603}.Ad-Hoc|Any CPU.Build.0 = Release|Any CPU
		{6697F25A-6C00-42EE-AD6A-EA8D27A29603}.Ad-Hoc|Any CPU.Deploy.0 = Release|Any CPU
		{6697F25A-6C00-42EE-AD6A-EA8D27A29603}.Ad-Hoc|iPhone.ActiveCfg = Release|Any CPU
		{6697F25A-6C00-42EE-AD6A-EA8D27A29603}.Ad-Hoc|iPhone.Build.0 = Release|Any CPU
		{6697F25A-6C00-42EE-AD6A-EA8D27A29603}.Ad-Hoc|iPhone.Deploy.0 = Release|Any CPU
		{6697F25A-6C00-42EE-AD6A-EA8D27A29603}.Ad-Hoc|iPhoneSimulator.ActiveCfg = Release|Any CPU
		{6697F25A-6C00-42EE-AD6A-EA8D27A29603}.Ad-Hoc|iPhoneSimulator.Build.0 = Release|Any CPU
		{6697F25A-6C00-42EE-AD6A-EA8D27A29603}.Ad-Hoc|iPhoneSimulator.Deploy.0 = Release|Any CPU
		{6697F25A-6C00-42EE-AD6A-EA8D27A29603}.AppStore|Any CPU.ActiveCfg = Release|Any CPU
		{6697F25A-6C00-42EE-AD6A-EA8D27A29603}.AppStore|Any CPU.Build.0 = Release|Any CPU
		{6697F25A-6C00-42EE-AD6A-EA8D27A29603}.AppStore|Any CPU.Deploy.0 = Release|Any CPU
		{6697F25A-6C00-42EE-AD6A-EA8D27A29603}.AppStore|iPhone.ActiveCfg = Release|Any CPU
		{6697F25A-6C00-42EE-AD6A-EA8D27A29603}.AppStore|iPhone.Build.0 = Release|Any CPU
		{6697F25A-6C00-42EE-AD6A-EA8D27A29603}.AppStore|iPhone.Deploy.0 = Release|Any CPU
		{6697F25A-6C00-42EE-AD6A-EA8D27A29603}.AppStore|iPhoneSimulator.ActiveCfg = Release|Any CPU
		{6697F25A-6C00-42EE-AD6A-EA8D27A29603}.AppStore|iPhoneSimulator.Build.0 = Release|Any CPU
		{6697F25A-6C00-42EE-AD6A-EA8D27A29603}.AppStore|iPhoneSimulator.Deploy.0 = Release|Any CPU
		{6697F25A-6C00-42EE-AD6A-EA8D27A29603}.Debug|Any CPU.ActiveCfg = Debug|Any CPU
		{6697F25A-6C00-42EE-AD6A-EA8D27A29603}.Debug|Any CPU.Build.0 = Debug|Any CPU
		{6697F25A-6C00-42EE-AD6A-EA8D27A29603}.Debug|Any CPU.Deploy.0 = Debug|Any CPU
		{6697F25A-6C00-42EE-AD6A-EA8D27A29603}.Debug|iPhone.ActiveCfg = Debug|Any CPU
		{6697F25A-6C00-42EE-AD6A-EA8D27A29603}.Debug|iPhone.Build.0 = Debug|Any CPU
		{6697F25A-6C00-42EE-AD6A-EA8D27A29603}.Debug|iPhone.Deploy.0 = Debug|Any CPU
		{6697F25A-6C00-42EE-AD6A-EA8D27A29603}.Debug|iPhoneSimulator.ActiveCfg = Debug|Any CPU
		{6697F25A-6C00-42EE-AD6A-EA8D27A29603}.Debug|iPhoneSimulator.Build.0 = Debug|Any CPU
		{6697F25A-6C00-42EE-AD6A-EA8D27A29603}.Debug|iPhoneSimulator.Deploy.0 = Debug|Any CPU
		{6697F25A-6C00-42EE-AD6A-EA8D27A29603}.Release|Any CPU.ActiveCfg = Release|Any CPU
		{6697F25A-6C00-42EE-AD6A-EA8D27A29603}.Release|Any CPU.Build.0 = Release|Any CPU
		{6697F25A-6C00-42EE-AD6A-EA8D27A29603}.Release|Any CPU.Deploy.0 = Release|Any CPU
		{6697F25A-6C00-42EE-AD6A-EA8D27A29603}.Release|iPhone.ActiveCfg = Release|Any CPU
		{6697F25A-6C00-42EE-AD6A-EA8D27A29603}.Release|iPhone.Build.0 = Release|Any CPU
		{6697F25A-6C00-42EE-AD6A-EA8D27A29603}.Release|iPhone.Deploy.0 = Release|Any CPU
		{6697F25A-6C00-42EE-AD6A-EA8D27A29603}.Release|iPhoneSimulator.ActiveCfg = Release|Any CPU
		{6697F25A-6C00-42EE-AD6A-EA8D27A29603}.Release|iPhoneSimulator.Build.0 = Release|Any CPU
		{6697F25A-6C00-42EE-AD6A-EA8D27A29603}.Release|iPhoneSimulator.Deploy.0 = Release|Any CPU
		{02BFA1A8-77B9-4DC8-943B-0F2056A9DD62}.Ad-Hoc|Any CPU.ActiveCfg = Ad-Hoc|iPhone
		{02BFA1A8-77B9-4DC8-943B-0F2056A9DD62}.Ad-Hoc|Any CPU.Build.0 = Ad-Hoc|iPhone
		{02BFA1A8-77B9-4DC8-943B-0F2056A9DD62}.Ad-Hoc|Any CPU.Deploy.0 = Ad-Hoc|iPhone
		{02BFA1A8-77B9-4DC8-943B-0F2056A9DD62}.Ad-Hoc|iPhone.ActiveCfg = Ad-Hoc|iPhone
		{02BFA1A8-77B9-4DC8-943B-0F2056A9DD62}.Ad-Hoc|iPhone.Build.0 = Ad-Hoc|iPhone
		{02BFA1A8-77B9-4DC8-943B-0F2056A9DD62}.Ad-Hoc|iPhone.Deploy.0 = Ad-Hoc|iPhone
		{02BFA1A8-77B9-4DC8-943B-0F2056A9DD62}.Ad-Hoc|iPhoneSimulator.ActiveCfg = Ad-Hoc|iPhoneSimulator
		{02BFA1A8-77B9-4DC8-943B-0F2056A9DD62}.Ad-Hoc|iPhoneSimulator.Build.0 = Ad-Hoc|iPhoneSimulator
		{02BFA1A8-77B9-4DC8-943B-0F2056A9DD62}.Ad-Hoc|iPhoneSimulator.Deploy.0 = Ad-Hoc|iPhoneSimulator
		{02BFA1A8-77B9-4DC8-943B-0F2056A9DD62}.AppStore|Any CPU.ActiveCfg = AppStore|iPhone
		{02BFA1A8-77B9-4DC8-943B-0F2056A9DD62}.AppStore|Any CPU.Build.0 = AppStore|iPhone
		{02BFA1A8-77B9-4DC8-943B-0F2056A9DD62}.AppStore|Any CPU.Deploy.0 = AppStore|iPhone
		{02BFA1A8-77B9-4DC8-943B-0F2056A9DD62}.AppStore|iPhone.ActiveCfg = AppStore|iPhone
		{02BFA1A8-77B9-4DC8-943B-0F2056A9DD62}.AppStore|iPhone.Build.0 = AppStore|iPhone
		{02BFA1A8-77B9-4DC8-943B-0F2056A9DD62}.AppStore|iPhone.Deploy.0 = AppStore|iPhone
		{02BFA1A8-77B9-4DC8-943B-0F2056A9DD62}.AppStore|iPhoneSimulator.ActiveCfg = AppStore|iPhoneSimulator
		{02BFA1A8-77B9-4DC8-943B-0F2056A9DD62}.AppStore|iPhoneSimulator.Build.0 = AppStore|iPhoneSimulator
		{02BFA1A8-77B9-4DC8-943B-0F2056A9DD62}.AppStore|iPhoneSimulator.Deploy.0 = AppStore|iPhoneSimulator
		{02BFA1A8-77B9-4DC8-943B-0F2056A9DD62}.Debug|Any CPU.ActiveCfg = Debug|iPhoneSimulator
		{02BFA1A8-77B9-4DC8-943B-0F2056A9DD62}.Debug|Any CPU.Build.0 = Debug|iPhoneSimulator
		{02BFA1A8-77B9-4DC8-943B-0F2056A9DD62}.Debug|Any CPU.Deploy.0 = Debug|iPhoneSimulator
		{02BFA1A8-77B9-4DC8-943B-0F2056A9DD62}.Debug|iPhone.ActiveCfg = Debug|iPhone
		{02BFA1A8-77B9-4DC8-943B-0F2056A9DD62}.Debug|iPhone.Build.0 = Debug|iPhone
		{02BFA1A8-77B9-4DC8-943B-0F2056A9DD62}.Debug|iPhone.Deploy.0 = Debug|iPhone
		{02BFA1A8-77B9-4DC8-943B-0F2056A9DD62}.Debug|iPhoneSimulator.ActiveCfg = Debug|iPhoneSimulator
		{02BFA1A8-77B9-4DC8-943B-0F2056A9DD62}.Debug|iPhoneSimulator.Build.0 = Debug|iPhoneSimulator
		{02BFA1A8-77B9-4DC8-943B-0F2056A9DD62}.Debug|iPhoneSimulator.Deploy.0 = Debug|iPhoneSimulator
		{02BFA1A8-77B9-4DC8-943B-0F2056A9DD62}.Release|Any CPU.ActiveCfg = Release|iPhone
		{02BFA1A8-77B9-4DC8-943B-0F2056A9DD62}.Release|Any CPU.Build.0 = Release|iPhone
		{02BFA1A8-77B9-4DC8-943B-0F2056A9DD62}.Release|Any CPU.Deploy.0 = Release|iPhone
		{02BFA1A8-77B9-4DC8-943B-0F2056A9DD62}.Release|iPhone.ActiveCfg = Release|iPhone
		{02BFA1A8-77B9-4DC8-943B-0F2056A9DD62}.Release|iPhone.Build.0 = Release|iPhone
		{02BFA1A8-77B9-4DC8-943B-0F2056A9DD62}.Release|iPhone.Deploy.0 = Release|iPhone
		{02BFA1A8-77B9-4DC8-943B-0F2056A9DD62}.Release|iPhoneSimulator.ActiveCfg = Release|iPhoneSimulator
		{02BFA1A8-77B9-4DC8-943B-0F2056A9DD62}.Release|iPhoneSimulator.Build.0 = Release|iPhoneSimulator
		{02BFA1A8-77B9-4DC8-943B-0F2056A9DD62}.Release|iPhoneSimulator.Deploy.0 = Release|iPhoneSimulator
		{5999C257-A7AE-4367-AD55-01506D36CBC6}.Ad-Hoc|Any CPU.ActiveCfg = Release|Any CPU
		{5999C257-A7AE-4367-AD55-01506D36CBC6}.Ad-Hoc|Any CPU.Build.0 = Release|Any CPU
		{5999C257-A7AE-4367-AD55-01506D36CBC6}.Ad-Hoc|Any CPU.Deploy.0 = Release|Any CPU
		{5999C257-A7AE-4367-AD55-01506D36CBC6}.Ad-Hoc|iPhone.ActiveCfg = Release|Any CPU
		{5999C257-A7AE-4367-AD55-01506D36CBC6}.Ad-Hoc|iPhone.Build.0 = Release|Any CPU
		{5999C257-A7AE-4367-AD55-01506D36CBC6}.Ad-Hoc|iPhone.Deploy.0 = Release|Any CPU
		{5999C257-A7AE-4367-AD55-01506D36CBC6}.Ad-Hoc|iPhoneSimulator.ActiveCfg = Release|Any CPU
		{5999C257-A7AE-4367-AD55-01506D36CBC6}.Ad-Hoc|iPhoneSimulator.Build.0 = Release|Any CPU
		{5999C257-A7AE-4367-AD55-01506D36CBC6}.Ad-Hoc|iPhoneSimulator.Deploy.0 = Release|Any CPU
		{5999C257-A7AE-4367-AD55-01506D36CBC6}.AppStore|Any CPU.ActiveCfg = Release|Any CPU
		{5999C257-A7AE-4367-AD55-01506D36CBC6}.AppStore|Any CPU.Build.0 = Release|Any CPU
		{5999C257-A7AE-4367-AD55-01506D36CBC6}.AppStore|Any CPU.Deploy.0 = Release|Any CPU
		{5999C257-A7AE-4367-AD55-01506D36CBC6}.AppStore|iPhone.ActiveCfg = Release|Any CPU
		{5999C257-A7AE-4367-AD55-01506D36CBC6}.AppStore|iPhone.Build.0 = Release|Any CPU
		{5999C257-A7AE-4367-AD55-01506D36CBC6}.AppStore|iPhone.Deploy.0 = Release|Any CPU
		{5999C257-A7AE-4367-AD55-01506D36CBC6}.AppStore|iPhoneSimulator.ActiveCfg = Release|Any CPU
		{5999C257-A7AE-4367-AD55-01506D36CBC6}.AppStore|iPhoneSimulator.Build.0 = Release|Any CPU
		{5999C257-A7AE-4367-AD55-01506D36CBC6}.AppStore|iPhoneSimulator.Deploy.0 = Release|Any CPU
		{5999C257-A7AE-4367-AD55-01506D36CBC6}.Debug|Any CPU.ActiveCfg = Debug|Any CPU
		{5999C257-A7AE-4367-AD55-01506D36CBC6}.Debug|Any CPU.Build.0 = Debug|Any CPU
		{5999C257-A7AE-4367-AD55-01506D36CBC6}.Debug|Any CPU.Deploy.0 = Debug|Any CPU
		{5999C257-A7AE-4367-AD55-01506D36CBC6}.Debug|iPhone.ActiveCfg = Debug|Any CPU
		{5999C257-A7AE-4367-AD55-01506D36CBC6}.Debug|iPhone.Build.0 = Debug|Any CPU
		{5999C257-A7AE-4367-AD55-01506D36CBC6}.Debug|iPhone.Deploy.0 = Debug|Any CPU
		{5999C257-A7AE-4367-AD55-01506D36CBC6}.Debug|iPhoneSimulator.ActiveCfg = Debug|Any CPU
		{5999C257-A7AE-4367-AD55-01506D36CBC6}.Debug|iPhoneSimulator.Build.0 = Debug|Any CPU
		{5999C257-A7AE-4367-AD55-01506D36CBC6}.Debug|iPhoneSimulator.Deploy.0 = Debug|Any CPU
		{5999C257-A7AE-4367-AD55-01506D36CBC6}.Release|Any CPU.ActiveCfg = Release|Any CPU
		{5999C257-A7AE-4367-AD55-01506D36CBC6}.Release|Any CPU.Build.0 = Release|Any CPU
		{5999C257-A7AE-4367-AD55-01506D36CBC6}.Release|Any CPU.Deploy.0 = Release|Any CPU
		{5999C257-A7AE-4367-AD55-01506D36CBC6}.Release|iPhone.ActiveCfg = Release|Any CPU
		{5999C257-A7AE-4367-AD55-01506D36CBC6}.Release|iPhone.Build.0 = Release|Any CPU
		{5999C257-A7AE-4367-AD55-01506D36CBC6}.Release|iPhone.Deploy.0 = Release|Any CPU
		{5999C257-A7AE-4367-AD55-01506D36CBC6}.Release|iPhoneSimulator.ActiveCfg = Release|Any CPU
		{5999C257-A7AE-4367-AD55-01506D36CBC6}.Release|iPhoneSimulator.Build.0 = Release|Any CPU
		{5999C257-A7AE-4367-AD55-01506D36CBC6}.Release|iPhoneSimulator.Deploy.0 = Release|Any CPU
	EndGlobalSection
	GlobalSection(SolutionProperties) = preSolution
		HideSolutionNode = FALSE
	EndGlobalSection
	GlobalSection(ExtensibilityGlobals) = postSolution
		SolutionGuid = {1532B5B3-373F-4483-ADEC-B40B75A373A9}
	EndGlobalSection
EndGlobal
