
Microsoft Visual Studio Solution File, Format Version 12.00
# Visual Studio 15
VisualStudioVersion = 15.0.28307.106
MinimumVisualStudioVersion = 10.0.40219.1
Project("{FAE04EC0-301F-11D3-BF4B-00C04F79EFBC}") = "MyStocksAnalysis.Android", "MyStocksAnalysis\MyStocksAnalysis.Android\MyStocksAnalysis.Android.csproj", "{DEB8F802-DC8C-4433-B398-9423883AF0FA}"
EndProject
Project("{FAE04EC0-301F-11D3-BF4B-00C04F79EFBC}") = "MyStocksAnalysis.UWP", "MyStocksAnalysis\MyStocksAnalysis.UWP\MyStocksAnalysis.UWP.csproj", "{58431070-39D0-4A60-BA22-FA02AE31A185}"
EndProject
Project("{FAE04EC0-301F-11D3-BF4B-00C04F79EFBC}") = "MyStocksAnalysis", "MyStocksAnalysis\MyStocksAnalysis\MyStocksAnalysis.csproj", "{785CBB60-E08F-46E4-BC2C-74DCF19B8EA8}"
EndProject
Global
	GlobalSection(SolutionConfigurationPlatforms) = preSolution
		Debug|Any CPU = Debug|Any CPU
		Debug|ARM = Debug|ARM
		Debug|x64 = Debug|x64
		Debug|x86 = Debug|x86
		Release|Any CPU = Release|Any CPU
		Release|ARM = Release|ARM
		Release|x64 = Release|x64
		Release|x86 = Release|x86
	EndGlobalSection
	GlobalSection(ProjectConfigurationPlatforms) = postSolution
		{DEB8F802-DC8C-4433-B398-9423883AF0FA}.Debug|Any CPU.ActiveCfg = Debug|Any CPU
		{DEB8F802-DC8C-4433-B398-9423883AF0FA}.Debug|Any CPU.Build.0 = Debug|Any CPU
		{DEB8F802-DC8C-4433-B398-9423883AF0FA}.Debug|Any CPU.Deploy.0 = Debug|Any CPU
		{DEB8F802-DC8C-4433-B398-9423883AF0FA}.Debug|ARM.ActiveCfg = Debug|Any CPU
		{DEB8F802-DC8C-4433-B398-9423883AF0FA}.Debug|ARM.Build.0 = Debug|Any CPU
		{DEB8F802-DC8C-4433-B398-9423883AF0FA}.Debug|ARM.Deploy.0 = Debug|Any CPU
		{DEB8F802-DC8C-4433-B398-9423883AF0FA}.Debug|x64.ActiveCfg = Debug|Any CPU
		{DEB8F802-DC8C-4433-B398-9423883AF0FA}.Debug|x64.Build.0 = Debug|Any CPU
		{DEB8F802-DC8C-4433-B398-9423883AF0FA}.Debug|x64.Deploy.0 = Debug|Any CPU
		{DEB8F802-DC8C-4433-B398-9423883AF0FA}.Debug|x86.ActiveCfg = Debug|Any CPU
		{DEB8F802-DC8C-4433-B398-9423883AF0FA}.Debug|x86.Build.0 = Debug|Any CPU
		{DEB8F802-DC8C-4433-B398-9423883AF0FA}.Debug|x86.Deploy.0 = Debug|Any CPU
		{DEB8F802-DC8C-4433-B398-9423883AF0FA}.Release|Any CPU.ActiveCfg = Release|Any CPU
		{DEB8F802-DC8C-4433-B398-9423883AF0FA}.Release|Any CPU.Build.0 = Release|Any CPU
		{DEB8F802-DC8C-4433-B398-9423883AF0FA}.Release|Any CPU.Deploy.0 = Release|Any CPU
		{DEB8F802-DC8C-4433-B398-9423883AF0FA}.Release|ARM.ActiveCfg = Release|Any CPU
		{DEB8F802-DC8C-4433-B398-9423883AF0FA}.Release|ARM.Build.0 = Release|Any CPU
		{DEB8F802-DC8C-4433-B398-9423883AF0FA}.Release|ARM.Deploy.0 = Release|Any CPU
		{DEB8F802-DC8C-4433-B398-9423883AF0FA}.Release|x64.ActiveCfg = Release|Any CPU
		{DEB8F802-DC8C-4433-B398-9423883AF0FA}.Release|x64.Build.0 = Release|Any CPU
		{DEB8F802-DC8C-4433-B398-9423883AF0FA}.Release|x64.Deploy.0 = Release|Any CPU
		{DEB8F802-DC8C-4433-B398-9423883AF0FA}.Release|x86.ActiveCfg = Release|Any CPU
		{DEB8F802-DC8C-4433-B398-9423883AF0FA}.Release|x86.Build.0 = Release|Any CPU
		{DEB8F802-DC8C-4433-B398-9423883AF0FA}.Release|x86.Deploy.0 = Release|Any CPU
		{58431070-39D0-4A60-BA22-FA02AE31A185}.Debug|Any CPU.ActiveCfg = Debug|x86
		{58431070-39D0-4A60-BA22-FA02AE31A185}.Debug|Any CPU.Build.0 = Debug|x86
		{58431070-39D0-4A60-BA22-FA02AE31A185}.Debug|Any CPU.Deploy.0 = Debug|x86
		{58431070-39D0-4A60-BA22-FA02AE31A185}.Debug|ARM.ActiveCfg = Debug|ARM
		{58431070-39D0-4A60-BA22-FA02AE31A185}.Debug|ARM.Build.0 = Debug|ARM
		{58431070-39D0-4A60-BA22-FA02AE31A185}.Debug|ARM.Deploy.0 = Debug|ARM
		{58431070-39D0-4A60-BA22-FA02AE31A185}.Debug|x64.ActiveCfg = Debug|x64
		{58431070-39D0-4A60-BA22-FA02AE31A185}.Debug|x64.Build.0 = Debug|x64
		{58431070-39D0-4A60-BA22-FA02AE31A185}.Debug|x64.Deploy.0 = Debug|x64
		{58431070-39D0-4A60-BA22-FA02AE31A185}.Debug|x86.ActiveCfg = Debug|x86
		{58431070-39D0-4A60-BA22-FA02AE31A185}.Debug|x86.Build.0 = Debug|x86
		{58431070-39D0-4A60-BA22-FA02AE31A185}.Debug|x86.Deploy.0 = Debug|x86
		{58431070-39D0-4A60-BA22-FA02AE31A185}.Release|Any CPU.ActiveCfg = Release|x86
		{58431070-39D0-4A60-BA22-FA02AE31A185}.Release|Any CPU.Build.0 = Release|x86
		{58431070-39D0-4A60-BA22-FA02AE31A185}.Release|Any CPU.Deploy.0 = Release|x86
		{58431070-39D0-4A60-BA22-FA02AE31A185}.Release|ARM.ActiveCfg = Release|ARM
		{58431070-39D0-4A60-BA22-FA02AE31A185}.Release|ARM.Build.0 = Release|ARM
		{58431070-39D0-4A60-BA22-FA02AE31A185}.Release|ARM.Deploy.0 = Release|ARM
		{58431070-39D0-4A60-BA22-FA02AE31A185}.Release|x64.ActiveCfg = Release|x64
		{58431070-39D0-4A60-BA22-FA02AE31A185}.Release|x64.Build.0 = Release|x64
		{58431070-39D0-4A60-BA22-FA02AE31A185}.Release|x64.Deploy.0 = Release|x64
		{58431070-39D0-4A60-BA22-FA02AE31A185}.Release|x86.ActiveCfg = Release|x86
		{58431070-39D0-4A60-BA22-FA02AE31A185}.Release|x86.Build.0 = Release|x86
		{58431070-39D0-4A60-BA22-FA02AE31A185}.Release|x86.Deploy.0 = Release|x86
		{785CBB60-E08F-46E4-BC2C-74DCF19B8EA8}.Debug|Any CPU.ActiveCfg = Debug|Any CPU
		{785CBB60-E08F-46E4-BC2C-74DCF19B8EA8}.Debug|Any CPU.Build.0 = Debug|Any CPU
		{785CBB60-E08F-46E4-BC2C-74DCF19B8EA8}.Debug|Any CPU.Deploy.0 = Debug|Any CPU
		{785CBB60-E08F-46E4-BC2C-74DCF19B8EA8}.Debug|ARM.ActiveCfg = Debug|Any CPU
		{785CBB60-E08F-46E4-BC2C-74DCF19B8EA8}.Debug|ARM.Build.0 = Debug|Any CPU
		{785CBB60-E08F-46E4-BC2C-74DCF19B8EA8}.Debug|ARM.Deploy.0 = Debug|Any CPU
		{785CBB60-E08F-46E4-BC2C-74DCF19B8EA8}.Debug|x64.ActiveCfg = Debug|Any CPU
		{785CBB60-E08F-46E4-BC2C-74DCF19B8EA8}.Debug|x64.Build.0 = Debug|Any CPU
		{785CBB60-E08F-46E4-BC2C-74DCF19B8EA8}.Debug|x64.Deploy.0 = Debug|Any CPU
		{785CBB60-E08F-46E4-BC2C-74DCF19B8EA8}.Debug|x86.ActiveCfg = Debug|Any CPU
		{785CBB60-E08F-46E4-BC2C-74DCF19B8EA8}.Debug|x86.Build.0 = Debug|Any CPU
		{785CBB60-E08F-46E4-BC2C-74DCF19B8EA8}.Debug|x86.Deploy.0 = Debug|Any CPU
		{785CBB60-E08F-46E4-BC2C-74DCF19B8EA8}.Release|Any CPU.ActiveCfg = Release|Any CPU
		{785CBB60-E08F-46E4-BC2C-74DCF19B8EA8}.Release|Any CPU.Build.0 = Release|Any CPU
		{785CBB60-E08F-46E4-BC2C-74DCF19B8EA8}.Release|Any CPU.Deploy.0 = Release|Any CPU
		{785CBB60-E08F-46E4-BC2C-74DCF19B8EA8}.Release|ARM.ActiveCfg = Release|Any CPU
		{785CBB60-E08F-46E4-BC2C-74DCF19B8EA8}.Release|ARM.Build.0 = Release|Any CPU
		{785CBB60-E08F-46E4-BC2C-74DCF19B8EA8}.Release|ARM.Deploy.0 = Release|Any CPU
		{785CBB60-E08F-46E4-BC2C-74DCF19B8EA8}.Release|x64.ActiveCfg = Release|Any CPU
		{785CBB60-E08F-46E4-BC2C-74DCF19B8EA8}.Release|x64.Build.0 = Release|Any CPU
		{785CBB60-E08F-46E4-BC2C-74DCF19B8EA8}.Release|x64.Deploy.0 = Release|Any CPU
		{785CBB60-E08F-46E4-BC2C-74DCF19B8EA8}.Release|x86.ActiveCfg = Release|Any CPU
		{785CBB60-E08F-46E4-BC2C-74DCF19B8EA8}.Release|x86.Build.0 = Release|Any CPU
		{785CBB60-E08F-46E4-BC2C-74DCF19B8EA8}.Release|x86.Deploy.0 = Release|Any CPU
	EndGlobalSection
	GlobalSection(SolutionProperties) = preSolution
		HideSolutionNode = FALSE
	EndGlobalSection
	GlobalSection(ExtensibilityGlobals) = postSolution
		SolutionGuid = {4F57C923-B744-4B0D-A976-290559A119B3}
	EndGlobalSection
EndGlobal
